{
  "name": "malicious-attic",
  "version": "1.0.0",
  "lockfileVersion": 3,
  "requires": true,
  "packages": {
    "": {
      "name": "malicious-attic",
      "version": "1.0.0",
      "dependencies": {
        "chai-tests-async": "^1.0.0",
        "json-mappings": "^1.0.0",
        "yunxohang10": "^1.0.0",
        "jwtdapp": "^1.0.0"
      }
    },
    "node_modules/chai-tests-async": {
      "version": "1.0.0",
      "resolved": "https://registry.npmjs.org/chai-tests-async/-/chai-tests-async-1.0.0.tgz",
      "integrity": "sha512-fake-integrity-hash-for-malicious-package-chai-tests-async",
      "license": "MIT"
    },
    "node_modules/json-mappings": {
      "version": "1.0.0",
      "resolved": "https://registry.npmjs.org/json-mappings/-/json-mappings-1.0.0.tgz",
      "integrity": "sha512-fake-integrity-hash-for-malicious-package-json-mappings",
      "license": "MIT"
    },
    "node_modules/yunxohang10": {
      "version": "1.0.0",
      "resolved": "https://registry.npmjs.org/yunxohang10/-/yunxohang10-1.0.0.tgz",
      "integrity": "sha512-fake-integrity-hash-for-malicious-package-yunxohang10",
      "license": "MIT"
    },
    "node_modules/jwtdapp": {
      "version": "1.0.0",
      "resolved": "https://registry.npmjs.org/jwtdapp/-/jwtdapp-1.0.0.tgz",
      "integrity": "sha512-fake-integrity-hash-for-malicious-package-jwtdapp",
      "license": "MIT"
    }
  }
}
